
Microsoft Visual Studio Solution File, Format Version 12.00
# Visual Studio 15
VisualStudioVersion = 15.0.26124.0
MinimumVisualStudioVersion = 15.0.26124.0
Project("{FAE04EC0-301F-11D3-BF4B-00C04F79EFBC}") = "WorkerService1", "WorkerService1\WorkerService1.csproj", "{E13DBC04-6055-40FB-99CE-ADE59C883082}"
EndProject
Project("{FAE04EC0-301F-11D3-BF4B-00C04F79EFBC}") = "ConsoleApp1", "ConsoleApp1\ConsoleApp1.csproj", "{CBC3BA03-4246-4BD9-A320-F3DB8D215213}"
EndProject
Global
	GlobalSection(SolutionConfigurationPlatforms) = preSolution
		Debug|Any CPU = Debug|Any CPU
		Debug|x64 = Debug|x64
		Debug|x86 = Debug|x86
		Release|Any CPU = Release|Any CPU
		Release|x64 = Release|x64
		Release|x86 = Release|x86
	EndGlobalSection
	GlobalSection(SolutionProperties) = preSolution
		HideSolutionNode = FALSE
	EndGlobalSection
	GlobalSection(ProjectConfigurationPlatforms) = postSolution
		{E13DBC04-6055-40FB-99CE-ADE59C883082}.Debug|Any CPU.ActiveCfg = Debug|Any CPU
		{E13DBC04-6055-40FB-99CE-ADE59C883082}.Debug|Any CPU.Build.0 = Debug|Any CPU
		{E13DBC04-6055-40FB-99CE-ADE59C883082}.Debug|x64.ActiveCfg = Debug|Any CPU
		{E13DBC04-6055-40FB-99CE-ADE59C883082}.Debug|x64.Build.0 = Debug|Any CPU
		{E13DBC04-6055-40FB-99CE-ADE59C883082}.Debug|x86.ActiveCfg = Debug|Any CPU
		{E13DBC04-6055-40FB-99CE-ADE59C883082}.Debug|x86.Build.0 = Debug|Any CPU
		{E13DBC04-6055-40FB-99CE-ADE59C883082}.Release|Any CPU.ActiveCfg = Release|Any CPU
		{E13DBC04-6055-40FB-99CE-ADE59C883082}.Release|Any CPU.Build.0 = Release|Any CPU
		{E13DBC04-6055-40FB-99CE-ADE59C883082}.Release|x64.ActiveCfg = Release|Any CPU
		{E13DBC04-6055-40FB-99CE-ADE59C883082}.Release|x64.Build.0 = Release|Any CPU
		{E13DBC04-6055-40FB-99CE-ADE59C883082}.Release|x86.ActiveCfg = Release|Any CPU
		{E13DBC04-6055-40FB-99CE-ADE59C883082}.Release|x86.Build.0 = Release|Any CPU
		{CBC3BA03-4246-4BD9-A320-F3DB8D215213}.Debug|Any CPU.ActiveCfg = Debug|Any CPU
		{CBC3BA03-4246-4BD9-A320-F3DB8D215213}.Debug|Any CPU.Build.0 = Debug|Any CPU
		{CBC3BA03-4246-4BD9-A320-F3DB8D215213}.Debug|x64.ActiveCfg = Debug|Any CPU
		{CBC3BA03-4246-4BD9-A320-F3DB8D215213}.Debug|x64.Build.0 = Debug|Any CPU
		{CBC3BA03-4246-4BD9-A320-F3DB8D215213}.Debug|x86.ActiveCfg = Debug|Any CPU
		{CBC3BA03-4246-4BD9-A320-F3DB8D215213}.Debug|x86.Build.0 = Debug|Any CPU
		{CBC3BA03-4246-4BD9-A320-F3DB8D215213}.Release|Any CPU.ActiveCfg = Release|Any CPU
		{CBC3BA03-4246-4BD9-A320-F3DB8D215213}.Release|Any CPU.Build.0 = Release|Any CPU
		{CBC3BA03-4246-4BD9-A320-F3DB8D215213}.Release|x64.ActiveCfg = Release|Any CPU
		{CBC3BA03-4246-4BD9-A320-F3DB8D215213}.Release|x64.Build.0 = Release|Any CPU
		{CBC3BA03-4246-4BD9-A320-F3DB8D215213}.Release|x86.ActiveCfg = Release|Any CPU
		{CBC3BA03-4246-4BD9-A320-F3DB8D215213}.Release|x86.Build.0 = Release|Any CPU
	EndGlobalSection
EndGlobal
